
Microsoft Visual Studio Solution File, Format Version 12.00
# Visual Studio 14
VisualStudioVersion = 14.0.23107.0
MinimumVisualStudioVersion = 10.0.40219.1
Project("{FAE04EC0-301F-11D3-BF4B-00C04F79EFBC}") = "logueo_XPATH2", "logueo_XPATH2\logueo_XPATH2.csproj", "{7C495554-B5BE-41AC-8D4E-976719DD0448}"
EndProject
Global
	GlobalSection(SolutionConfigurationPlatforms) = preSolution
		Debug|Any CPU = Debug|Any CPU
		Release|Any CPU = Release|Any CPU
	EndGlobalSection
	GlobalSection(ProjectConfigurationPlatforms) = postSolution
		{7C495554-B5BE-41AC-8D4E-976719DD0448}.Debug|Any CPU.ActiveCfg = Debug|Any CPU
		{7C495554-B5BE-41AC-8D4E-976719DD0448}.Debug|Any CPU.Build.0 = Debug|Any CPU
		{7C495554-B5BE-41AC-8D4E-976719DD0448}.Release|Any CPU.ActiveCfg = Release|Any CPU
		{7C495554-B5BE-41AC-8D4E-976719DD0448}.Release|Any CPU.Build.0 = Release|Any CPU
	EndGlobalSection
	GlobalSection(SolutionProperties) = preSolution
		HideSolutionNode = FALSE
	EndGlobalSection
EndGlobal
